
Microsoft Visual Studio Solution File, Format Version 12.00
# Visual Studio Version 16
VisualStudioVersion = 16.0.30320.27
MinimumVisualStudioVersion = 10.0.40219.1
Project("{FAE04EC0-301F-11D3-BF4B-00C04F79EFBC}") = "Crawler", "Crawler\Crawler.csproj", "{D7702E7A-01B9-47F3-A4F8-93C72F2D5183}"
EndProject
Project("{FAE04EC0-301F-11D3-BF4B-00C04F79EFBC}") = "Crawler2", "Crawler2\Crawler2.csproj", "{8DF1CF1A-275A-4B14-B816-6C27F09BA026}"
EndProject
Global
	GlobalSection(SolutionConfigurationPlatforms) = preSolution
		Debug|Any CPU = Debug|Any CPU
		Release|Any CPU = Release|Any CPU
	EndGlobalSection
	GlobalSection(ProjectConfigurationPlatforms) = postSolution
		{D7702E7A-01B9-47F3-A4F8-93C72F2D5183}.Debug|Any CPU.ActiveCfg = Debug|Any CPU
		{D7702E7A-01B9-47F3-A4F8-93C72F2D5183}.Debug|Any CPU.Build.0 = Debug|Any CPU
		{D7702E7A-01B9-47F3-A4F8-93C72F2D5183}.Release|Any CPU.ActiveCfg = Release|Any CPU
		{D7702E7A-01B9-47F3-A4F8-93C72F2D5183}.Release|Any CPU.Build.0 = Release|Any CPU
		{8DF1CF1A-275A-4B14-B816-6C27F09BA026}.Debug|Any CPU.ActiveCfg = Debug|Any CPU
		{8DF1CF1A-275A-4B14-B816-6C27F09BA026}.Debug|Any CPU.Build.0 = Debug|Any CPU
		{8DF1CF1A-275A-4B14-B816-6C27F09BA026}.Release|Any CPU.ActiveCfg = Release|Any CPU
		{8DF1CF1A-275A-4B14-B816-6C27F09BA026}.Release|Any CPU.Build.0 = Release|Any CPU
	EndGlobalSection
	GlobalSection(SolutionProperties) = preSolution
		HideSolutionNode = FALSE
	EndGlobalSection
	GlobalSection(ExtensibilityGlobals) = postSolution
		SolutionGuid = {AE7E1416-78F9-4FC2-B2A0-6EB1DE4E52E1}
	EndGlobalSection
EndGlobal
